// !$*UTF8*$!
{
	archiveVersion = 1;
	classes = {
	};
	objectVersion = 46;
	objects = {

/* Begin PBXBuildFile section */
		C60863E91CA311450076EF7C /* AppDelegate.swift in Sources */ = {isa = PBXBuildFile; fileRef = C60863E81CA311450076EF7C /* AppDelegate.swift */; };
		C60863EB1CA311450076EF7C /* ViewController.swift in Sources */ = {isa = PBXBuildFile; fileRef = C60863EA1CA311450076EF7C /* ViewController.swift */; };
		C60863EE1CA311450076EF7C /* Main.storyboard in Resources */ = {isa = PBXBuildFile; fileRef = C60863EC1CA311450076EF7C /* Main.storyboard */; };
		C60863F11CA311450076EF7C /* Msnger.xcdatamodeld in Sources */ = {isa = PBXBuildFile; fileRef = C60863EF1CA311450076EF7C /* Msnger.xcdatamodeld */; };
		C60863F31CA311450076EF7C /* Assets.xcassets in Resources */ = {isa = PBXBuildFile; fileRef = C60863F21CA311450076EF7C /* Assets.xcassets */; };
		C60863F61CA311450076EF7C /* LaunchScreen.storyboard in Resources */ = {isa = PBXBuildFile; fileRef = C60863F41CA311450076EF7C /* LaunchScreen.storyboard */; };
		C608641B1CA3117E0076EF7C /* message in Resources */ = {isa = PBXBuildFile; fileRef = C608641A1CA3117E0076EF7C /* message */; };
		C608641D1CA3118B0076EF7C /* gis in Resources */ = {isa = PBXBuildFile; fileRef = C608641C1CA3118B0076EF7C /* gis */; };
		C608641F1CA311930076EF7C /* http in Resources */ = {isa = PBXBuildFile; fileRef = C608641E1CA311930076EF7C /* http */; };
		C60864211CA3119B0076EF7C /* infobip in Resources */ = {isa = PBXBuildFile; fileRef = C60864201CA3119B0076EF7C /* infobip */; };
		C60864231CA311A30076EF7C /* jsmn in Resources */ = {isa = PBXBuildFile; fileRef = C60864221CA311A30076EF7C /* jsmn */; };
		C6A9E7351CA331BB0077256F /* wrapper in Resources */ = {isa = PBXBuildFile; fileRef = C6A9E7341CA331BB0077256F /* wrapper */; };
		C6A9E7491CA336860077256F /* Message.cpp in Sources */ = {isa = PBXBuildFile; fileRef = C6A9E7441CA336860077256F /* Message.cpp */; };
		C6A9E74A1CA336860077256F /* Messenger.cpp in Sources */ = {isa = PBXBuildFile; fileRef = C6A9E7471CA336860077256F /* Messenger.cpp */; };
		C6A9E74D1CA336940077256F /* Msnger.cpp in Sources */ = {isa = PBXBuildFile; fileRef = C6A9E74B1CA336940077256F /* Msnger.cpp */; };
		C6A9E7501CA3369F0077256F /* GisTransaction.cpp in Sources */ = {isa = PBXBuildFile; fileRef = C6A9E74E1CA3369F0077256F /* GisTransaction.cpp */; };
		C6A9E7551CA336B50077256F /* HttpClient.cpp in Sources */ = {isa = PBXBuildFile; fileRef = C6A9E7521CA336B50077256F /* HttpClient.cpp */; };
		C6A9E7581CA336C10077256F /* InfobipTransaction.cpp in Sources */ = {isa = PBXBuildFile; fileRef = C6A9E7561CA336C10077256F /* InfobipTransaction.cpp */; };
		C6A9E75E1CA336CD0077256F /* jsmn_LICENSE.txt in Resources */ = {isa = PBXBuildFile; fileRef = C6A9E7591CA336CD0077256F /* jsmn_LICENSE.txt */; };
		C6A9E75F1CA336CD0077256F /* jsmn.c in Sources */ = {isa = PBXBuildFile; fileRef = C6A9E75A1CA336CD0077256F /* jsmn.c */; };
		C6A9E7601CA336CD0077256F /* jsmntools.c in Sources */ = {isa = PBXBuildFile; fileRef = C6A9E75C1CA336CD0077256F /* jsmntools.c */; };
		C6A9E7681CA336DC0077256F /* MessageLoop.cpp in Sources */ = {isa = PBXBuildFile; fileRef = C6A9E7651CA336DC0077256F /* MessageLoop.cpp */; };
		C6A9E7761CA341D80077256F /* libcurl.a in Frameworks */ = {isa = PBXBuildFile; fileRef = C6A9E7751CA341D80077256F /* libcurl.a */; };
		C6A9E7781CA342250077256F /* libz.1.2.5.tbd in Frameworks */ = {isa = PBXBuildFile; fileRef = C6A9E7771CA342250077256F /* libz.1.2.5.tbd */; };
/* End PBXBuildFile section */

/* Begin PBXContainerItemProxy section */
		C60863FD1CA311460076EF7C /* PBXContainerItemProxy */ = {
			isa = PBXContainerItemProxy;
			containerPortal = C60863DD1CA311450076EF7C /* Project object */;
			proxyType = 1;
			remoteGlobalIDString = C60863E41CA311450076EF7C;
			remoteInfo = Msnger;
		};
		C60864081CA311460076EF7C /* PBXContainerItemProxy */ = {
			isa = PBXContainerItemProxy;
			containerPortal = C60863DD1CA311450076EF7C /* Project object */;
			proxyType = 1;
			remoteGlobalIDString = C60863E41CA311450076EF7C;
			remoteInfo = Msnger;
		};
/* End PBXContainerItemProxy section */

/* Begin PBXFileReference section */
		C60863E51CA311450076EF7C /* Msnger.app */ = {isa = PBXFileReference; explicitFileType = wrapper.application; includeInIndex = 0; path = Msnger.app; sourceTree = BUILT_PRODUCTS_DIR; };
		C60863E81CA311450076EF7C /* AppDelegate.swift */ = {isa = PBXFileReference; lastKnownFileType = sourcecode.swift; path = AppDelegate.swift; sourceTree = "<group>"; };
		C60863EA1CA311450076EF7C /* ViewController.swift */ = {isa = PBXFileReference; lastKnownFileType = sourcecode.swift; path = ViewController.swift; sourceTree = "<group>"; };
		C60863ED1CA311450076EF7C /* Base */ = {isa = PBXFileReference; lastKnownFileType = file.storyboard; name = Base; path = Base.lproj/Main.storyboard; sourceTree = "<group>"; };
		C60863F01CA311450076EF7C /* Msnger.xcdatamodel */ = {isa = PBXFileReference; lastKnownFileType = wrapper.xcdatamodel; path = Msnger.xcdatamodel; sourceTree = "<group>"; };
		C60863F21CA311450076EF7C /* Assets.xcassets */ = {isa = PBXFileReference; lastKnownFileType = folder.assetcatalog; path = Assets.xcassets; sourceTree = "<group>"; };
		C60863F51CA311450076EF7C /* Base */ = {isa = PBXFileReference; lastKnownFileType = file.storyboard; name = Base; path = Base.lproj/LaunchScreen.storyboard; sourceTree = "<group>"; };
		C60863F71CA311450076EF7C /* Info.plist */ = {isa = PBXFileReference; lastKnownFileType = text.plist.xml; path = Info.plist; sourceTree = "<group>"; };
		C60863FC1CA311460076EF7C /* MsngerTests.xctest */ = {isa = PBXFileReference; explicitFileType = wrapper.cfbundle; includeInIndex = 0; path = MsngerTests.xctest; sourceTree = BUILT_PRODUCTS_DIR; };
		C60864071CA311460076EF7C /* MsngerUITests.xctest */ = {isa = PBXFileReference; explicitFileType = wrapper.cfbundle; includeInIndex = 0; path = MsngerUITests.xctest; sourceTree = BUILT_PRODUCTS_DIR; };
		C608641A1CA3117E0076EF7C /* message */ = {isa = PBXFileReference; lastKnownFileType = folder; name = message; path = "/Users/cpjv68/gitrepos/msnger-core/message"; sourceTree = "<absolute>"; };
		C608641C1CA3118B0076EF7C /* gis */ = {isa = PBXFileReference; lastKnownFileType = folder; name = gis; path = "/Users/cpjv68/gitrepos/msnger-core/gis"; sourceTree = "<absolute>"; };
		C608641E1CA311930076EF7C /* http */ = {isa = PBXFileReference; lastKnownFileType = folder; name = http; path = "/Users/cpjv68/gitrepos/msnger-core/http"; sourceTree = "<absolute>"; };
		C60864201CA3119B0076EF7C /* infobip */ = {isa = PBXFileReference; lastKnownFileType = folder; name = infobip; path = "/Users/cpjv68/gitrepos/msnger-core/infobip"; sourceTree = "<absolute>"; };
		C60864221CA311A30076EF7C /* jsmn */ = {isa = PBXFileReference; lastKnownFileType = folder; name = jsmn; path = "/Users/cpjv68/gitrepos/msnger-core/jsmn"; sourceTree = "<absolute>"; };
		C60864261CA3120D0076EF7C /* Msnger-Bridging-Header.h */ = {isa = PBXFileReference; fileEncoding = 4; lastKnownFileType = sourcecode.c.h; path = "Msnger-Bridging-Header.h"; sourceTree = "<group>"; };
		C6A9E7341CA331BB0077256F /* wrapper */ = {isa = PBXFileReference; lastKnownFileType = folder; name = wrapper; path = "/Users/cpjv68/gitrepos/msnger-core/wrapper"; sourceTree = "<absolute>"; };
		C6A9E7441CA336860077256F /* Message.cpp */ = {isa = PBXFileReference; fileEncoding = 4; lastKnownFileType = sourcecode.cpp.cpp; name = Message.cpp; path = "../../msnger-core/message/Message.cpp"; sourceTree = "<group>"; };
		C6A9E7451CA336860077256F /* Message.h */ = {isa = PBXFileReference; fileEncoding = 4; lastKnownFileType = sourcecode.c.h; name = Message.h; path = "../../msnger-core/message/Message.h"; sourceTree = "<group>"; };
		C6A9E7461CA336860077256F /* MessageResultListener.h */ = {isa = PBXFileReference; fileEncoding = 4; lastKnownFileType = sourcecode.c.h; name = MessageResultListener.h; path = "../../msnger-core/message/MessageResultListener.h"; sourceTree = "<group>"; };
		C6A9E7471CA336860077256F /* Messenger.cpp */ = {isa = PBXFileReference; fileEncoding = 4; lastKnownFileType = sourcecode.cpp.cpp; name = Messenger.cpp; path = "../../msnger-core/message/Messenger.cpp"; sourceTree = "<group>"; };
		C6A9E7481CA336860077256F /* Messenger.h */ = {isa = PBXFileReference; fileEncoding = 4; lastKnownFileType = sourcecode.c.h; name = Messenger.h; path = "../../msnger-core/message/Messenger.h"; sourceTree = "<group>"; };
		C6A9E74B1CA336940077256F /* Msnger.cpp */ = {isa = PBXFileReference; fileEncoding = 4; lastKnownFileType = sourcecode.cpp.cpp; name = Msnger.cpp; path = "../../msnger-core/wrapper/Msnger.cpp"; sourceTree = "<group>"; };
		C6A9E74C1CA336940077256F /* Msnger.h */ = {isa = PBXFileReference; fileEncoding = 4; lastKnownFileType = sourcecode.c.h; name = Msnger.h; path = "../../msnger-core/wrapper/Msnger.h"; sourceTree = "<group>"; };
		C6A9E74E1CA3369F0077256F /* GisTransaction.cpp */ = {isa = PBXFileReference; fileEncoding = 4; lastKnownFileType = sourcecode.cpp.cpp; name = GisTransaction.cpp; path = "../../msnger-core/gis/GisTransaction.cpp"; sourceTree = "<group>"; };
		C6A9E74F1CA3369F0077256F /* GisTransaction.h */ = {isa = PBXFileReference; fileEncoding = 4; lastKnownFileType = sourcecode.c.h; name = GisTransaction.h; path = "../../msnger-core/gis/GisTransaction.h"; sourceTree = "<group>"; };
		C6A9E7521CA336B50077256F /* HttpClient.cpp */ = {isa = PBXFileReference; fileEncoding = 4; lastKnownFileType = sourcecode.cpp.cpp; name = HttpClient.cpp; path = "../../msnger-core/http/HttpClient.cpp"; sourceTree = "<group>"; };
		C6A9E7531CA336B50077256F /* HttpClient.h */ = {isa = PBXFileReference; fileEncoding = 4; lastKnownFileType = sourcecode.c.h; name = HttpClient.h; path = "../../msnger-core/http/HttpClient.h"; sourceTree = "<group>"; };
		C6A9E7541CA336B50077256F /* IHTTPClient.h */ = {isa = PBXFileReference; fileEncoding = 4; lastKnownFileType = sourcecode.c.h; name = IHTTPClient.h; path = "../../msnger-core/http/IHTTPClient.h"; sourceTree = "<group>"; };
		C6A9E7561CA336C10077256F /* InfobipTransaction.cpp */ = {isa = PBXFileReference; fileEncoding = 4; lastKnownFileType = sourcecode.cpp.cpp; name = InfobipTransaction.cpp; path = "../../msnger-core/infobip/InfobipTransaction.cpp"; sourceTree = "<group>"; };
		C6A9E7571CA336C10077256F /* InfobipTransaction.h */ = {isa = PBXFileReference; fileEncoding = 4; lastKnownFileType = sourcecode.c.h; name = InfobipTransaction.h; path = "../../msnger-core/infobip/InfobipTransaction.h"; sourceTree = "<group>"; };
		C6A9E7591CA336CD0077256F /* jsmn_LICENSE.txt */ = {isa = PBXFileReference; fileEncoding = 4; lastKnownFileType = text; name = jsmn_LICENSE.txt; path = "../../msnger-core/jsmn/jsmn_LICENSE.txt"; sourceTree = "<group>"; };
		C6A9E75A1CA336CD0077256F /* jsmn.c */ = {isa = PBXFileReference; fileEncoding = 4; lastKnownFileType = sourcecode.c.c; name = jsmn.c; path = "../../msnger-core/jsmn/jsmn.c"; sourceTree = "<group>"; };
		C6A9E75B1CA336CD0077256F /* jsmn.h */ = {isa = PBXFileReference; fileEncoding = 4; lastKnownFileType = sourcecode.c.h; name = jsmn.h; path = "../../msnger-core/jsmn/jsmn.h"; sourceTree = "<group>"; };
		C6A9E75C1CA336CD0077256F /* jsmntools.c */ = {isa = PBXFileReference; fileEncoding = 4; lastKnownFileType = sourcecode.c.c; name = jsmntools.c; path = "../../msnger-core/jsmn/jsmntools.c"; sourceTree = "<group>"; };
		C6A9E75D1CA336CD0077256F /* jsmntools.h */ = {isa = PBXFileReference; fileEncoding = 4; lastKnownFileType = sourcecode.c.h; name = jsmntools.h; path = "../../msnger-core/jsmn/jsmntools.h"; sourceTree = "<group>"; };
		C6A9E7621CA336DC0077256F /* core.h */ = {isa = PBXFileReference; fileEncoding = 4; lastKnownFileType = sourcecode.c.h; name = core.h; path = "../../msnger-core/core/core.h"; sourceTree = "<group>"; };
		C6A9E7631CA336DC0077256F /* event.h */ = {isa = PBXFileReference; fileEncoding = 4; lastKnownFileType = sourcecode.c.h; name = event.h; path = "../../msnger-core/core/event.h"; sourceTree = "<group>"; };
		C6A9E7641CA336DC0077256F /* Log.h */ = {isa = PBXFileReference; fileEncoding = 4; lastKnownFileType = sourcecode.c.h; name = Log.h; path = "../../msnger-core/core/Log.h"; sourceTree = "<group>"; };
		C6A9E7651CA336DC0077256F /* MessageLoop.cpp */ = {isa = PBXFileReference; fileEncoding = 4; lastKnownFileType = sourcecode.cpp.cpp; name = MessageLoop.cpp; path = "../../msnger-core/core/MessageLoop.cpp"; sourceTree = "<group>"; };
		C6A9E7661CA336DC0077256F /* MessageLoop.h */ = {isa = PBXFileReference; fileEncoding = 4; lastKnownFileType = sourcecode.c.h; name = MessageLoop.h; path = "../../msnger-core/core/MessageLoop.h"; sourceTree = "<group>"; };
		C6A9E7671CA336DC0077256F /* Timer.h */ = {isa = PBXFileReference; fileEncoding = 4; lastKnownFileType = sourcecode.c.h; name = Timer.h; path = "../../msnger-core/core/Timer.h"; sourceTree = "<group>"; };
		C6A9E76C1CA33CA40077256F /* curl.h */ = {isa = PBXFileReference; fileEncoding = 4; lastKnownFileType = sourcecode.c.h; name = curl.h; path = libcurl/include/curl/curl.h; sourceTree = "<group>"; };
		C6A9E76D1CA33CA40077256F /* curlbuild.h */ = {isa = PBXFileReference; fileEncoding = 4; lastKnownFileType = sourcecode.c.h; name = curlbuild.h; path = libcurl/include/curl/curlbuild.h; sourceTree = "<group>"; };
		C6A9E76E1CA33CA40077256F /* curlrules.h */ = {isa = PBXFileReference; fileEncoding = 4; lastKnownFileType = sourcecode.c.h; name = curlrules.h; path = libcurl/include/curl/curlrules.h; sourceTree = "<group>"; };
		C6A9E76F1CA33CA40077256F /* curlver.h */ = {isa = PBXFileReference; fileEncoding = 4; lastKnownFileType = sourcecode.c.h; name = curlver.h; path = libcurl/include/curl/curlver.h; sourceTree = "<group>"; };
		C6A9E7701CA33CA40077256F /* easy.h */ = {isa = PBXFileReference; fileEncoding = 4; lastKnownFileType = sourcecode.c.h; name = easy.h; path = libcurl/include/curl/easy.h; sourceTree = "<group>"; };
		C6A9E7711CA33CA40077256F /* mprintf.h */ = {isa = PBXFileReference; fileEncoding = 4; lastKnownFileType = sourcecode.c.h; name = mprintf.h; path = libcurl/include/curl/mprintf.h; sourceTree = "<group>"; };
		C6A9E7721CA33CA40077256F /* multi.h */ = {isa = PBXFileReference; fileEncoding = 4; lastKnownFileType = sourcecode.c.h; name = multi.h; path = libcurl/include/curl/multi.h; sourceTree = "<group>"; };
		C6A9E7731CA33CA40077256F /* stdcheaders.h */ = {isa = PBXFileReference; fileEncoding = 4; lastKnownFileType = sourcecode.c.h; name = stdcheaders.h; path = libcurl/include/curl/stdcheaders.h; sourceTree = "<group>"; };
		C6A9E7741CA33CA40077256F /* typecheck-gcc.h */ = {isa = PBXFileReference; fileEncoding = 4; lastKnownFileType = sourcecode.c.h; name = "typecheck-gcc.h"; path = "libcurl/include/curl/typecheck-gcc.h"; sourceTree = "<group>"; };
		C6A9E7751CA341D80077256F /* libcurl.a */ = {isa = PBXFileReference; lastKnownFileType = archive.ar; name = libcurl.a; path = libcurl/libcurl.a; sourceTree = "<group>"; };
		C6A9E7771CA342250077256F /* libz.1.2.5.tbd */ = {isa = PBXFileReference; lastKnownFileType = "sourcecode.text-based-dylib-definition"; name = libz.1.2.5.tbd; path = usr/lib/libz.1.2.5.tbd; sourceTree = SDKROOT; };
/* End PBXFileReference section */

/* Begin PBXFrameworksBuildPhase section */
		C60863E21CA311450076EF7C /* Frameworks */ = {
			isa = PBXFrameworksBuildPhase;
			buildActionMask = 2147483647;
			files = (
				C6A9E7781CA342250077256F /* libz.1.2.5.tbd in Frameworks */,
				C6A9E7761CA341D80077256F /* libcurl.a in Frameworks */,
			);
			runOnlyForDeploymentPostprocessing = 0;
		};
		C60863F91CA311460076EF7C /* Frameworks */ = {
			isa = PBXFrameworksBuildPhase;
			buildActionMask = 2147483647;
			files = (
			);
			runOnlyForDeploymentPostprocessing = 0;
		};
		C60864041CA311460076EF7C /* Frameworks */ = {
			isa = PBXFrameworksBuildPhase;
			buildActionMask = 2147483647;
			files = (
			);
			runOnlyForDeploymentPostprocessing = 0;
		};
/* End PBXFrameworksBuildPhase section */

/* Begin PBXGroup section */
		C60863DC1CA311450076EF7C = {
			isa = PBXGroup;
			children = (
				C6A9E7771CA342250077256F /* libz.1.2.5.tbd */,
				C6A9E7751CA341D80077256F /* libcurl.a */,
				C60864191CA3116C0076EF7C /* MsngerCore */,
				C60863E71CA311450076EF7C /* Msnger */,
				C60863E61CA311450076EF7C /* Products */,
			);
			sourceTree = "<group>";
		};
		C60863E61CA311450076EF7C /* Products */ = {
			isa = PBXGroup;
			children = (
				C60863E51CA311450076EF7C /* Msnger.app */,
				C60863FC1CA311460076EF7C /* MsngerTests.xctest */,
				C60864071CA311460076EF7C /* MsngerUITests.xctest */,
			);
			name = Products;
			sourceTree = "<group>";
		};
		C60863E71CA311450076EF7C /* Msnger */ = {
			isa = PBXGroup;
			children = (
				C60863E81CA311450076EF7C /* AppDelegate.swift */,
				C60863EA1CA311450076EF7C /* ViewController.swift */,
				C60863EC1CA311450076EF7C /* Main.storyboard */,
				C60863F21CA311450076EF7C /* Assets.xcassets */,
				C60863F41CA311450076EF7C /* LaunchScreen.storyboard */,
				C60863F71CA311450076EF7C /* Info.plist */,
				C60863EF1CA311450076EF7C /* Msnger.xcdatamodeld */,
				C60864261CA3120D0076EF7C /* Msnger-Bridging-Header.h */,
			);
			path = Msnger;
			sourceTree = "<group>";
		};
		C60864191CA3116C0076EF7C /* MsngerCore */ = {
			isa = PBXGroup;
			children = (
				C6A9E76B1CA33C860077256F /* curl */,
				C6A9E7611CA336D10077256F /* core */,
				C6A9E73E1CA3364B0077256F /* core */,
				C6A9E7421CA3366B0077256F /* gis */,
				C6A9E7511CA336AA0077256F /* http */,
				C6A9E7431CA336730077256F /* infobip */,
				C6A9E7411CA336600077256F /* jsmn */,
				C6A9E73F1CA336510077256F /* message */,
				C6A9E7401CA3365A0077256F /* wrapper */,
			);
			name = MsngerCore;
			sourceTree = "<group>";
		};
		C6A9E73E1CA3364B0077256F /* core */ = {
			isa = PBXGroup;
			children = (
			);
			name = core;
			sourceTree = "<group>";
		};
		C6A9E73F1CA336510077256F /* message */ = {
			isa = PBXGroup;
			children = (
				C6A9E7441CA336860077256F /* Message.cpp */,
				C6A9E7451CA336860077256F /* Message.h */,
				C6A9E7461CA336860077256F /* MessageResultListener.h */,
				C6A9E7471CA336860077256F /* Messenger.cpp */,
				C6A9E7481CA336860077256F /* Messenger.h */,
			);
			name = message;
			sourceTree = "<group>";
		};
		C6A9E7401CA3365A0077256F /* wrapper */ = {
			isa = PBXGroup;
			children = (
				C6A9E74B1CA336940077256F /* Msnger.cpp */,
				C6A9E74C1CA336940077256F /* Msnger.h */,
			);
			name = wrapper;
			sourceTree = "<group>";
		};
		C6A9E7411CA336600077256F /* jsmn */ = {
			isa = PBXGroup;
			children = (
				C6A9E7591CA336CD0077256F /* jsmn_LICENSE.txt */,
				C6A9E75A1CA336CD0077256F /* jsmn.c */,
				C6A9E75B1CA336CD0077256F /* jsmn.h */,
				C6A9E75C1CA336CD0077256F /* jsmntools.c */,
				C6A9E75D1CA336CD0077256F /* jsmntools.h */,
			);
			name = jsmn;
			sourceTree = "<group>";
		};
		C6A9E7421CA3366B0077256F /* gis */ = {
			isa = PBXGroup;
			children = (
				C6A9E74E1CA3369F0077256F /* GisTransaction.cpp */,
				C6A9E74F1CA3369F0077256F /* GisTransaction.h */,
			);
			name = gis;
			sourceTree = "<group>";
		};
		C6A9E7431CA336730077256F /* infobip */ = {
			isa = PBXGroup;
			children = (
				C6A9E7561CA336C10077256F /* InfobipTransaction.cpp */,
				C6A9E7571CA336C10077256F /* InfobipTransaction.h */,
			);
			name = infobip;
			sourceTree = "<group>";
		};
		C6A9E7511CA336AA0077256F /* http */ = {
			isa = PBXGroup;
			children = (
				C6A9E7521CA336B50077256F /* HttpClient.cpp */,
				C6A9E7531CA336B50077256F /* HttpClient.h */,
				C6A9E7541CA336B50077256F /* IHTTPClient.h */,
			);
			name = http;
			sourceTree = "<group>";
		};
		C6A9E7611CA336D10077256F /* core */ = {
			isa = PBXGroup;
			children = (
				C6A9E7621CA336DC0077256F /* core.h */,
				C6A9E7631CA336DC0077256F /* event.h */,
				C6A9E7641CA336DC0077256F /* Log.h */,
				C6A9E7651CA336DC0077256F /* MessageLoop.cpp */,
				C6A9E7661CA336DC0077256F /* MessageLoop.h */,
				C6A9E7671CA336DC0077256F /* Timer.h */,
			);
			name = core;
			sourceTree = "<group>";
		};
		C6A9E76B1CA33C860077256F /* curl */ = {
			isa = PBXGroup;
			children = (
				C6A9E76C1CA33CA40077256F /* curl.h */,
				C6A9E76D1CA33CA40077256F /* curlbuild.h */,
				C6A9E76E1CA33CA40077256F /* curlrules.h */,
				C6A9E76F1CA33CA40077256F /* curlver.h */,
				C6A9E7701CA33CA40077256F /* easy.h */,
				C6A9E7711CA33CA40077256F /* mprintf.h */,
				C6A9E7721CA33CA40077256F /* multi.h */,
				C6A9E7731CA33CA40077256F /* stdcheaders.h */,
				C6A9E7741CA33CA40077256F /* typecheck-gcc.h */,
			);
			name = curl;
			sourceTree = "<group>";
		};
/* End PBXGroup section */

/* Begin PBXNativeTarget section */
		C60863E41CA311450076EF7C /* Msnger */ = {
			isa = PBXNativeTarget;
			buildConfigurationList = C60864101CA311460076EF7C /* Build configuration list for PBXNativeTarget "Msnger" */;
			buildPhases = (
				C60863E11CA311450076EF7C /* Sources */,
				C60863E21CA311450076EF7C /* Frameworks */,
				C60863E31CA311450076EF7C /* Resources */,
			);
			buildRules = (
			);
			dependencies = (
			);
			name = Msnger;
			productName = Msnger;
			productReference = C60863E51CA311450076EF7C /* Msnger.app */;
			productType = "com.apple.product-type.application";
		};
		C60863FB1CA311460076EF7C /* MsngerTests */ = {
			isa = PBXNativeTarget;
			buildConfigurationList = C60864131CA311460076EF7C /* Build configuration list for PBXNativeTarget "MsngerTests" */;
			buildPhases = (
				C60863F81CA311460076EF7C /* Sources */,
				C60863F91CA311460076EF7C /* Frameworks */,
				C60863FA1CA311460076EF7C /* Resources */,
			);
			buildRules = (
			);
			dependencies = (
				C60863FE1CA311460076EF7C /* PBXTargetDependency */,
			);
			name = MsngerTests;
			productName = MsngerTests;
			productReference = C60863FC1CA311460076EF7C /* MsngerTests.xctest */;
			productType = "com.apple.product-type.bundle.unit-test";
		};
		C60864061CA311460076EF7C /* MsngerUITests */ = {
			isa = PBXNativeTarget;
			buildConfigurationList = C60864161CA311460076EF7C /* Build configuration list for PBXNativeTarget "MsngerUITests" */;
			buildPhases = (
				C60864031CA311460076EF7C /* Sources */,
				C60864041CA311460076EF7C /* Frameworks */,
				C60864051CA311460076EF7C /* Resources */,
			);
			buildRules = (
			);
			dependencies = (
				C60864091CA311460076EF7C /* PBXTargetDependency */,
			);
			name = MsngerUITests;
			productName = MsngerUITests;
			productReference = C60864071CA311460076EF7C /* MsngerUITests.xctest */;
			productType = "com.apple.product-type.bundle.ui-testing";
		};
/* End PBXNativeTarget section */

/* Begin PBXProject section */
		C60863DD1CA311450076EF7C /* Project object */ = {
			isa = PBXProject;
			attributes = {
				LastSwiftUpdateCheck = 0720;
				LastUpgradeCheck = 0720;
				ORGANIZATIONNAME = "Stanislav Slavin";
				TargetAttributes = {
					C60863E41CA311450076EF7C = {
						CreatedOnToolsVersion = 7.2.1;
					};
					C60863FB1CA311460076EF7C = {
						CreatedOnToolsVersion = 7.2.1;
						TestTargetID = C60863E41CA311450076EF7C;
					};
					C60864061CA311460076EF7C = {
						CreatedOnToolsVersion = 7.2.1;
						TestTargetID = C60863E41CA311450076EF7C;
					};
				};
			};
			buildConfigurationList = C60863E01CA311450076EF7C /* Build configuration list for PBXProject "Msnger" */;
			compatibilityVersion = "Xcode 3.2";
			developmentRegion = English;
			hasScannedForEncodings = 0;
			knownRegions = (
				en,
				Base,
			);
			mainGroup = C60863DC1CA311450076EF7C;
			productRefGroup = C60863E61CA311450076EF7C /* Products */;
			projectDirPath = "";
			projectRoot = "";
			targets = (
				C60863E41CA311450076EF7C /* Msnger */,
				C60863FB1CA311460076EF7C /* MsngerTests */,
				C60864061CA311460076EF7C /* MsngerUITests */,
			);
		};
/* End PBXProject section */

/* Begin PBXResourcesBuildPhase section */
		C60863E31CA311450076EF7C /* Resources */ = {
			isa = PBXResourcesBuildPhase;
			buildActionMask = 2147483647;
			files = (
				C608641B1CA3117E0076EF7C /* message in Resources */,
				C60863F61CA311450076EF7C /* LaunchScreen.storyboard in Resources */,
				C60864211CA3119B0076EF7C /* infobip in Resources */,
				C6A9E7351CA331BB0077256F /* wrapper in Resources */,
				C60863F31CA311450076EF7C /* Assets.xcassets in Resources */,
				C60864231CA311A30076EF7C /* jsmn in Resources */,
				C6A9E75E1CA336CD0077256F /* jsmn_LICENSE.txt in Resources */,
				C60863EE1CA311450076EF7C /* Main.storyboard in Resources */,
				C608641F1CA311930076EF7C /* http in Resources */,
				C608641D1CA3118B0076EF7C /* gis in Resources */,
			);
			runOnlyForDeploymentPostprocessing = 0;
		};
		C60863FA1CA311460076EF7C /* Resources */ = {
			isa = PBXResourcesBuildPhase;
			buildActionMask = 2147483647;
			files = (
			);
			runOnlyForDeploymentPostprocessing = 0;
		};
		C60864051CA311460076EF7C /* Resources */ = {
			isa = PBXResourcesBuildPhase;
			buildActionMask = 2147483647;
			files = (
			);
			runOnlyForDeploymentPostprocessing = 0;
		};
/* End PBXResourcesBuildPhase section */

/* Begin PBXSourcesBuildPhase section */
		C60863E11CA311450076EF7C /* Sources */ = {
			isa = PBXSourcesBuildPhase;
			buildActionMask = 2147483647;
			files = (
				C60863EB1CA311450076EF7C /* ViewController.swift in Sources */,
				C6A9E74A1CA336860077256F /* Messenger.cpp in Sources */,
				C6A9E7491CA336860077256F /* Message.cpp in Sources */,
				C60863E91CA311450076EF7C /* AppDelegate.swift in Sources */,
				C60863F11CA311450076EF7C /* Msnger.xcdatamodeld in Sources */,
				C6A9E75F1CA336CD0077256F /* jsmn.c in Sources */,
				C6A9E7501CA3369F0077256F /* GisTransaction.cpp in Sources */,
				C6A9E7551CA336B50077256F /* HttpClient.cpp in Sources */,
				C6A9E7601CA336CD0077256F /* jsmntools.c in Sources */,
				C6A9E74D1CA336940077256F /* Msnger.cpp in Sources */,
				C6A9E7581CA336C10077256F /* InfobipTransaction.cpp in Sources */,
				C6A9E7681CA336DC0077256F /* MessageLoop.cpp in Sources */,
			);
			runOnlyForDeploymentPostprocessing = 0;
		};
		C60863F81CA311460076EF7C /* Sources */ = {
			isa = PBXSourcesBuildPhase;
			buildActionMask = 2147483647;
			files = (
			);
			runOnlyForDeploymentPostprocessing = 0;
		};
		C60864031CA311460076EF7C /* Sources */ = {
			isa = PBXSourcesBuildPhase;
			buildActionMask = 2147483647;
			files = (
			);
			runOnlyForDeploymentPostprocessing = 0;
		};
/* End PBXSourcesBuildPhase section */

/* Begin PBXTargetDependency section */
		C60863FE1CA311460076EF7C /* PBXTargetDependency */ = {
			isa = PBXTargetDependency;
			target = C60863E41CA311450076EF7C /* Msnger */;
			targetProxy = C60863FD1CA311460076EF7C /* PBXContainerItemProxy */;
		};
		C60864091CA311460076EF7C /* PBXTargetDependency */ = {
			isa = PBXTargetDependency;
			target = C60863E41CA311450076EF7C /* Msnger */;
			targetProxy = C60864081CA311460076EF7C /* PBXContainerItemProxy */;
		};
/* End PBXTargetDependency section */

/* Begin PBXVariantGroup section */
		C60863EC1CA311450076EF7C /* Main.storyboard */ = {
			isa = PBXVariantGroup;
			children = (
				C60863ED1CA311450076EF7C /* Base */,
			);
			name = Main.storyboard;
			sourceTree = "<group>";
		};
		C60863F41CA311450076EF7C /* LaunchScreen.storyboard */ = {
			isa = PBXVariantGroup;
			children = (
				C60863F51CA311450076EF7C /* Base */,
			);
			name = LaunchScreen.storyboard;
			sourceTree = "<group>";
		};
/* End PBXVariantGroup section */

/* Begin XCBuildConfiguration section */
		C608640E1CA311460076EF7C /* Debug */ = {
			isa = XCBuildConfiguration;
			buildSettings = {
				ALWAYS_SEARCH_USER_PATHS = NO;
				CLANG_CXX_LANGUAGE_STANDARD = "gnu++0x";
				CLANG_CXX_LIBRARY = "libc++";
				CLANG_ENABLE_MODULES = YES;
				CLANG_ENABLE_OBJC_ARC = YES;
				CLANG_WARN_BOOL_CONVERSION = YES;
				CLANG_WARN_CONSTANT_CONVERSION = YES;
				CLANG_WARN_DIRECT_OBJC_ISA_USAGE = YES_ERROR;
				CLANG_WARN_EMPTY_BODY = YES;
				CLANG_WARN_ENUM_CONVERSION = YES;
				CLANG_WARN_INT_CONVERSION = YES;
				CLANG_WARN_OBJC_ROOT_CLASS = YES_ERROR;
				CLANG_WARN_UNREACHABLE_CODE = YES;
				CLANG_WARN__DUPLICATE_METHOD_MATCH = YES;
				"CODE_SIGN_IDENTITY[sdk=iphoneos*]" = "iPhone Developer";
				COPY_PHASE_STRIP = NO;
				DEBUG_INFORMATION_FORMAT = dwarf;
				ENABLE_STRICT_OBJC_MSGSEND = YES;
				ENABLE_TESTABILITY = YES;
				GCC_C_LANGUAGE_STANDARD = gnu99;
				GCC_DYNAMIC_NO_PIC = NO;
				GCC_NO_COMMON_BLOCKS = YES;
				GCC_OPTIMIZATION_LEVEL = 0;
				GCC_PREPROCESSOR_DEFINITIONS = (
					"DEBUG=1",
					"$(inherited)",
				);
				GCC_WARN_64_TO_32_BIT_CONVERSION = YES;
				GCC_WARN_ABOUT_RETURN_TYPE = YES_ERROR;
				GCC_WARN_UNDECLARED_SELECTOR = YES;
				GCC_WARN_UNINITIALIZED_AUTOS = YES_AGGRESSIVE;
				GCC_WARN_UNUSED_FUNCTION = YES;
				GCC_WARN_UNUSED_VARIABLE = YES;
				IPHONEOS_DEPLOYMENT_TARGET = 9.2;
				MTL_ENABLE_DEBUG_INFO = YES;
				ONLY_ACTIVE_ARCH = YES;
				SDKROOT = iphoneos;
				SWIFT_OPTIMIZATION_LEVEL = "-Onone";
				TARGETED_DEVICE_FAMILY = "1,2";
			};
			name = Debug;
		};
		C608640F1CA311460076EF7C /* Release */ = {
			isa = XCBuildConfiguration;
			buildSettings = {
				ALWAYS_SEARCH_USER_PATHS = NO;
				CLANG_CXX_LANGUAGE_STANDARD = "gnu++0x";
				CLANG_CXX_LIBRARY = "libc++";
				CLANG_ENABLE_MODULES = YES;
				CLANG_ENABLE_OBJC_ARC = YES;
				CLANG_WARN_BOOL_CONVERSION = YES;
				CLANG_WARN_CONSTANT_CONVERSION = YES;
				CLANG_WARN_DIRECT_OBJC_ISA_USAGE = YES_ERROR;
				CLANG_WARN_EMPTY_BODY = YES;
				CLANG_WARN_ENUM_CONVERSION = YES;
				CLANG_WARN_INT_CONVERSION = YES;
				CLANG_WARN_OBJC_ROOT_CLASS = YES_ERROR;
				CLANG_WARN_UNREACHABLE_CODE = YES;
				CLANG_WARN__DUPLICATE_METHOD_MATCH = YES;
				"CODE_SIGN_IDENTITY[sdk=iphoneos*]" = "iPhone Developer";
				COPY_PHASE_STRIP = NO;
				DEBUG_INFORMATION_FORMAT = "dwarf-with-dsym";
				ENABLE_NS_ASSERTIONS = NO;
				ENABLE_STRICT_OBJC_MSGSEND = YES;
				GCC_C_LANGUAGE_STANDARD = gnu99;
				GCC_NO_COMMON_BLOCKS = YES;
				GCC_WARN_64_TO_32_BIT_CONVERSION = YES;
				GCC_WARN_ABOUT_RETURN_TYPE = YES_ERROR;
				GCC_WARN_UNDECLARED_SELECTOR = YES;
				GCC_WARN_UNINITIALIZED_AUTOS = YES_AGGRESSIVE;
				GCC_WARN_UNUSED_FUNCTION = YES;
				GCC_WARN_UNUSED_VARIABLE = YES;
				IPHONEOS_DEPLOYMENT_TARGET = 9.2;
				MTL_ENABLE_DEBUG_INFO = NO;
				SDKROOT = iphoneos;
				TARGETED_DEVICE_FAMILY = "1,2";
				VALIDATE_PRODUCT = YES;
			};
			name = Release;
		};
		C60864111CA311460076EF7C /* Debug */ = {
			isa = XCBuildConfiguration;
			buildSettings = {
				ASSETCATALOG_COMPILER_APPICON_NAME = AppIcon;
				CLANG_ENABLE_MODULES = YES;
				ENABLE_BITCODE = NO;
				HEADER_SEARCH_PATHS = "$(PROJECT_DIR)/libcurl/include";
				INFOPLIST_FILE = Msnger/Info.plist;
				LD_RUNPATH_SEARCH_PATHS = "$(inherited) @executable_path/Frameworks";
				LIBRARY_SEARCH_PATHS = (
					"$(inherited)",
					"$(PROJECT_DIR)/libcurl",
				);
				OTHER_CFLAGS = "";
				PRODUCT_BUNDLE_IDENTIFIER = com.stanislavin.Msnger;
				PRODUCT_NAME = "$(TARGET_NAME)";
				SWIFT_OBJC_BRIDGING_HEADER = "Msnger/Msnger-Bridging-Header.h";
				SWIFT_OPTIMIZATION_LEVEL = "-Onone";
			};
			name = Debug;
		};
		C60864121CA311460076EF7C /* Release */ = {
			isa = XCBuildConfiguration;
			buildSettings = {
				ASSETCATALOG_COMPILER_APPICON_NAME = AppIcon;
				CLANG_ENABLE_MODULES = YES;
				ENABLE_BITCODE = NO;
				HEADER_SEARCH_PATHS = "$(PROJECT_DIR)/libcurl/include";
				INFOPLIST_FILE = Msnger/Info.plist;
				LD_RUNPATH_SEARCH_PATHS = "$(inherited) @executable_path/Frameworks";
				LIBRARY_SEARCH_PATHS = (
					"$(inherited)",
					"$(PROJECT_DIR)/libcurl",
				);
				OTHER_CFLAGS = "";
				PRODUCT_BUNDLE_IDENTIFIER = com.stanislavin.Msnger;
				PRODUCT_NAME = "$(TARGET_NAME)";
				SWIFT_OBJC_BRIDGING_HEADER = "Msnger/Msnger-Bridging-Header.h";
			};
			name = Release;
		};
		C60864141CA311460076EF7C /* Debug */ = {
			isa = XCBuildConfiguration;
			buildSettings = {
				BUNDLE_LOADER = "$(TEST_HOST)";
				INFOPLIST_FILE = MsngerTests/Info.plist;
				LD_RUNPATH_SEARCH_PATHS = "$(inherited) @executable_path/Frameworks @loader_path/Frameworks";
				PRODUCT_BUNDLE_IDENTIFIER = com.stanislavin.MsngerTests;
				PRODUCT_NAME = "$(TARGET_NAME)";
				TEST_HOST = "$(BUILT_PRODUCTS_DIR)/Msnger.app/Msnger";
			};
			name = Debug;
		};
		C60864151CA311460076EF7C /* Release */ = {
			isa = XCBuildConfiguration;
			buildSettings = {
				BUNDLE_LOADER = "$(TEST_HOST)";
				INFOPLIST_FILE = MsngerTests/Info.plist;
				LD_RUNPATH_SEARCH_PATHS = "$(inherited) @executable_path/Frameworks @loader_path/Frameworks";
				PRODUCT_BUNDLE_IDENTIFIER = com.stanislavin.MsngerTests;
				PRODUCT_NAME = "$(TARGET_NAME)";
				TEST_HOST = "$(BUILT_PRODUCTS_DIR)/Msnger.app/Msnger";
			};
			name = Release;
		};
		C60864171CA311460076EF7C /* Debug */ = {
			isa = XCBuildConfiguration;
			buildSettings = {
				INFOPLIST_FILE = MsngerUITests/Info.plist;
				LD_RUNPATH_SEARCH_PATHS = "$(inherited) @executable_path/Frameworks @loader_path/Frameworks";
				PRODUCT_BUNDLE_IDENTIFIER = com.stanislavin.MsngerUITests;
				PRODUCT_NAME = "$(TARGET_NAME)";
				TEST_TARGET_NAME = Msnger;
				USES_XCTRUNNER = YES;
			};
			name = Debug;
		};
		C60864181CA311460076EF7C /* Release */ = {
			isa = XCBuildConfiguration;
			buildSettings = {
				INFOPLIST_FILE = MsngerUITests/Info.plist;
				LD_RUNPATH_SEARCH_PATHS = "$(inherited) @executable_path/Frameworks @loader_path/Frameworks";
				PRODUCT_BUNDLE_IDENTIFIER = com.stanislavin.MsngerUITests;
				PRODUCT_NAME = "$(TARGET_NAME)";
				TEST_TARGET_NAME = Msnger;
				USES_XCTRUNNER = YES;
			};
			name = Release;
		};
/* End XCBuildConfiguration section */

/* Begin XCConfigurationList section */
		C60863E01CA311450076EF7C /* Build configuration list for PBXProject "Msnger" */ = {
			isa = XCConfigurationList;
			buildConfigurations = (
				C608640E1CA311460076EF7C /* Debug */,
				C608640F1CA311460076EF7C /* Release */,
			);
			defaultConfigurationIsVisible = 0;
			defaultConfigurationName = Release;
		};
		C60864101CA311460076EF7C /* Build configuration list for PBXNativeTarget "Msnger" */ = {
			isa = XCConfigurationList;
			buildConfigurations = (
				C60864111CA311460076EF7C /* Debug */,
				C60864121CA311460076EF7C /* Release */,
			);
			defaultConfigurationIsVisible = 0;
			defaultConfigurationName = Release;
		};
		C60864131CA311460076EF7C /* Build configuration list for PBXNativeTarget "MsngerTests" */ = {
			isa = XCConfigurationList;
			buildConfigurations = (
				C60864141CA311460076EF7C /* Debug */,
				C60864151CA311460076EF7C /* Release */,
			);
			defaultConfigurationIsVisible = 0;
			defaultConfigurationName = Release;
		};
		C60864161CA311460076EF7C /* Build configuration list for PBXNativeTarget "MsngerUITests" */ = {
			isa = XCConfigurationList;
			buildConfigurations = (
				C60864171CA311460076EF7C /* Debug */,
				C60864181CA311460076EF7C /* Release */,
			);
			defaultConfigurationIsVisible = 0;
			defaultConfigurationName = Release;
		};
/* End XCConfigurationList section */

/* Begin XCVersionGroup section */
		C60863EF1CA311450076EF7C /* Msnger.xcdatamodeld */ = {
			isa = XCVersionGroup;
			children = (
				C60863F01CA311450076EF7C /* Msnger.xcdatamodel */,
			);
			currentVersion = C60863F01CA311450076EF7C /* Msnger.xcdatamodel */;
			path = Msnger.xcdatamodeld;
			sourceTree = "<group>";
			versionGroupType = wrapper.xcdatamodel;
		};
/* End XCVersionGroup section */
	};
	rootObject = C60863DD1CA311450076EF7C /* Project object */;
}
